
Microsoft Visual Studio Solution File, Format Version 12.00
# Visual Studio 2013
VisualStudioVersion = 12.0.31101.0
MinimumVisualStudioVersion = 10.0.40219.1
Project("{FAE04EC0-301F-11D3-BF4B-00C04F79EFBC}") = "AmazonTest", "AmazonTest\AmazonTest.csproj", "{75B12310-4C4F-4407-857F-BF8170DA5C0C}"
EndProject
Project("{FAE04EC0-301F-11D3-BF4B-00C04F79EFBC}") = "UnitTestProject1", "UnitTestProject1\UnitTestProject1.csproj", "{78F7FE28-2C85-498E-948E-07EF55F683D5}"
EndProject
Global
	GlobalSection(SolutionConfigurationPlatforms) = preSolution
		Debug|Any CPU = Debug|Any CPU
		Release|Any CPU = Release|Any CPU
	EndGlobalSection
	GlobalSection(ProjectConfigurationPlatforms) = postSolution
		{75B12310-4C4F-4407-857F-BF8170DA5C0C}.Debug|Any CPU.ActiveCfg = Debug|Any CPU
		{75B12310-4C4F-4407-857F-BF8170DA5C0C}.Debug|Any CPU.Build.0 = Debug|Any CPU
		{75B12310-4C4F-4407-857F-BF8170DA5C0C}.Release|Any CPU.ActiveCfg = Release|Any CPU
		{75B12310-4C4F-4407-857F-BF8170DA5C0C}.Release|Any CPU.Build.0 = Release|Any CPU
		{78F7FE28-2C85-498E-948E-07EF55F683D5}.Debug|Any CPU.ActiveCfg = Debug|Any CPU
		{78F7FE28-2C85-498E-948E-07EF55F683D5}.Debug|Any CPU.Build.0 = Debug|Any CPU
		{78F7FE28-2C85-498E-948E-07EF55F683D5}.Release|Any CPU.ActiveCfg = Release|Any CPU
		{78F7FE28-2C85-498E-948E-07EF55F683D5}.Release|Any CPU.Build.0 = Release|Any CPU
	EndGlobalSection
	GlobalSection(SolutionProperties) = preSolution
		HideSolutionNode = FALSE
	EndGlobalSection
EndGlobal
